code.byted.org/gopkg/pkg v0.0.0-20210203065324-5067699a6af4 h1:qGT7ceVMG1VDJbqWTmOgChmXKLy7MNos2xif9UqXL8w=
code.byted.org/gopkg/pkg v0.0.0-20210203065324-5067699a6af4/go.mod h1:lREEMoH5747baGiVcR4HKWNRtEExefHprdTeQ+rQD+I=
github.com/cenk/backoff v2.2.1+incompatible h1:djdFT7f4gF2ttuzRKPbMOWgZajgesItGLwG5FTQKmmE=
github.com/cenk/backoff v2.2.1+incompatible/go.mod h1:7FtoeaSnHoZnmZzz47cM35Y9nSW7tNyaidugnHTaFDE=
